<?xml version="1.0" encoding="utf-8"?>
<Project ToolsVersion="4.0" xmlns="http://schemas.microsoft.com/developer/msbuild/2003">
  <ItemGroup>
    <ClCompile Include="Me.cpp">
      <Filter>Me</Filter>
    </ClCompile>
    <ClCompile Include="TransferInfo.cpp">
      <Filter>TransferInfo</Filter>
    </ClCompile>
    <ClCompile Include="main.cpp" />
    <ClCompile Include="AESEncryption.cpp">
      <Filter>Encryption</Filter>
    </ClCompile>
    <ClCompile Include="RSAEncryption.cpp">
      <Filter>Encryption</Filter>
    </ClCompile>
    <ClCompile Include="Base64.h">
      <Filter>Encryption</Filter>
    </ClCompile>
    <ClCompile Include="Base64.cpp">
      <Filter>Encryption</Filter>
    </ClCompile>
    <ClCompile Include="Common.cpp">
      <Filter>Common</Filter>
    </ClCompile>
    <ClCompile Include="Request.cpp">
      <Filter>Requests\Request</Filter>
    </ClCompile>
    <ClCompile Include="Request.h">
      <Filter>Requests\Request</Filter>
    </ClCompile>
    <ClCompile Include="RegisterRequest.cpp">
      <Filter>Requests\Register</Filter>
    </ClCompile>
    <ClCompile Include="AesRequest.cpp">
      <Filter>Requests\Aes</Filter>
    </ClCompile>
    <ClCompile Include="ReconnectRequest.cpp">
      <Filter>Requests\Reconnect</Filter>
    </ClCompile>
    <ClCompile Include="Response.cpp">
      <Filter>Responses\Response</Filter>
    </ClCompile>
    <ClCompile Include="Connection.cpp">
      <Filter>Connection</Filter>
    </ClCompile>
    <ClCompile Include="Client.cpp">
      <Filter>Client</Filter>
    </ClCompile>
    <ClCompile Include="AesResponse.cpp">
      <Filter>Responses\Aes</Filter>
    </ClCompile>
    <ClCompile Include="SendFileRequest.cpp">
      <Filter>Requests\SendFile</Filter>
    </ClCompile>
    <ClCompile Include="cksum.h">
      <Filter>Encryption</Filter>
    </ClCompile>
    <ClCompile Include="CRCResponse.cpp">
      <Filter>Responses\CRC</Filter>
    </ClCompile>
    <ClCompile Include="CRCRequest.cpp">
      <Filter>Requests\CRC</Filter>
    </ClCompile>
    <ClCompile Include="AckResponse.cpp">
      <Filter>Responses\Ack</Filter>
    </ClCompile>
    <ClCompile Include="FailedReconnectResponse.cpp">
      <Filter>Responses\Reconnect</Filter>
    </ClCompile>
    <ClCompile Include="SuccessfulReconnectResponse.cpp">
      <Filter>Responses\Reconnect</Filter>
    </ClCompile>
    <ClCompile Include="SuccessfulRegisterResponse.cpp">
      <Filter>Responses\Register</Filter>
    </ClCompile>
    <ClCompile Include="FailedRegisterResponse.cpp">
      <Filter>Responses\Register</Filter>
    </ClCompile>
    <ClCompile Include="FailedRegisterResponse.h">
      <Filter>Responses\Register</Filter>
    </ClCompile>
  </ItemGroup>
  <ItemGroup>
    <Filter Include="TransferInfo">
      <UniqueIdentifier>{2b8bd44c-cd81-4f55-a0d3-76bd2fa2c071}</UniqueIdentifier>
    </Filter>
    <Filter Include="Me">
      <UniqueIdentifier>{cfbef944-f857-4711-b34d-0152e6556f71}</UniqueIdentifier>
    </Filter>
    <Filter Include="Encryption">
      <UniqueIdentifier>{253ca905-971f-40d2-9c68-4d10c584aa6b}</UniqueIdentifier>
    </Filter>
    <Filter Include="Common">
      <UniqueIdentifier>{7187eb3d-e405-42a4-8b1f-b8f8ab12ac35}</UniqueIdentifier>
    </Filter>
    <Filter Include="Requests">
      <UniqueIdentifier>{0e0acdb7-06e0-479b-bbea-87482e9a4c9a}</UniqueIdentifier>
    </Filter>
    <Filter Include="Requests\Register">
      <UniqueIdentifier>{748a3f38-265c-4567-92a8-8f24f7b21053}</UniqueIdentifier>
    </Filter>
    <Filter Include="Requests\Reconnect">
      <UniqueIdentifier>{dc6cec43-a44d-46ed-a0fb-a768a556002b}</UniqueIdentifier>
    </Filter>
    <Filter Include="Requests\Aes">
      <UniqueIdentifier>{d64c8f99-8552-4754-9be1-8a07fe595f26}</UniqueIdentifier>
    </Filter>
    <Filter Include="Responses">
      <UniqueIdentifier>{195eb613-3b98-4324-9970-536601ab130b}</UniqueIdentifier>
    </Filter>
    <Filter Include="Connection">
      <UniqueIdentifier>{368cd0ca-2908-4940-ba15-0948566277b3}</UniqueIdentifier>
    </Filter>
    <Filter Include="Client">
      <UniqueIdentifier>{083b815e-d683-4627-8711-4d6c777e1583}</UniqueIdentifier>
    </Filter>
    <Filter Include="Responses\Aes">
      <UniqueIdentifier>{7a844e31-dea9-49a6-82e8-83b42ef13d81}</UniqueIdentifier>
    </Filter>
    <Filter Include="Requests\SendFile">
      <UniqueIdentifier>{5331636b-7505-4705-b751-39204f76309a}</UniqueIdentifier>
    </Filter>
    <Filter Include="Requests\CRC">
      <UniqueIdentifier>{e056b8f6-d5ed-420e-a0b4-5bec03129446}</UniqueIdentifier>
    </Filter>
    <Filter Include="Responses\CRC">
      <UniqueIdentifier>{d202e448-a240-4f7a-99b5-72f8aed3700b}</UniqueIdentifier>
    </Filter>
    <Filter Include="Responses\Reconnect">
      <UniqueIdentifier>{9586c22a-9660-4eaf-b14c-fbf5819cbed7}</UniqueIdentifier>
    </Filter>
    <Filter Include="Responses\Register">
      <UniqueIdentifier>{de216818-b31e-4211-a19e-0482ce2fa24a}</UniqueIdentifier>
    </Filter>
    <Filter Include="Responses\Ack">
      <UniqueIdentifier>{a9f3749c-1ad7-4a56-b50c-7815d0c41a34}</UniqueIdentifier>
    </Filter>
    <Filter Include="Responses\Response">
      <UniqueIdentifier>{96613ec4-d533-4411-b93d-d8f44b2a297b}</UniqueIdentifier>
    </Filter>
    <Filter Include="Requests\Request">
      <UniqueIdentifier>{7cbf855b-1810-40dd-8e20-04f764cf5004}</UniqueIdentifier>
    </Filter>
  </ItemGroup>
  <ItemGroup>
    <ClInclude Include="Me.h">
      <Filter>Me</Filter>
    </ClInclude>
    <ClInclude Include="TransferInfo.h">
      <Filter>TransferInfo</Filter>
    </ClInclude>
    <ClInclude Include="AESEncryption.h">
      <Filter>Encryption</Filter>
    </ClInclude>
    <ClInclude Include="RSAEncryption.h">
      <Filter>Encryption</Filter>
    </ClInclude>
    <ClInclude Include="Common.h">
      <Filter>Common</Filter>
    </ClInclude>
    <ClInclude Include="Hardcoded.h">
      <Filter>Common</Filter>
    </ClInclude>
    <ClInclude Include="RegisterRequest.h">
      <Filter>Requests\Register</Filter>
    </ClInclude>
    <ClInclude Include="AesRequest.h">
      <Filter>Requests\Aes</Filter>
    </ClInclude>
    <ClInclude Include="ReconnectRequest.h">
      <Filter>Requests\Reconnect</Filter>
    </ClInclude>
    <ClInclude Include="Response.h">
      <Filter>Responses\Response</Filter>
    </ClInclude>
    <ClInclude Include="Connection.h">
      <Filter>Connection</Filter>
    </ClInclude>
    <ClInclude Include="Client.h">
      <Filter>Client</Filter>
    </ClInclude>
    <ClInclude Include="AesResponse.h">
      <Filter>Responses\Aes</Filter>
    </ClInclude>
    <ClInclude Include="SendFileRequest.h">
      <Filter>Requests\SendFile</Filter>
    </ClInclude>
    <ClInclude Include="CRCResponse.h">
      <Filter>Responses\CRC</Filter>
    </ClInclude>
    <ClInclude Include="CRCRequest.h">
      <Filter>Requests\CRC</Filter>
    </ClInclude>
    <ClInclude Include="AckResponse.h">
      <Filter>Responses\Ack</Filter>
    </ClInclude>
    <ClInclude Include="FailedReconnectResponse.h">
      <Filter>Responses\Reconnect</Filter>
    </ClInclude>
    <ClInclude Include="SuccessfulReconnectResponse.h">
      <Filter>Responses\Reconnect</Filter>
    </ClInclude>
    <ClInclude Include="SuccessfulRegisterResponse.h">
      <Filter>Responses\Register</Filter>
    </ClInclude>
  </ItemGroup>
  <ItemGroup>
    <None Include="transfer.info">
      <Filter>TransferInfo</Filter>
    </None>
  </ItemGroup>
</Project>