<?xml version="1.0" encoding="utf-8"?>
<Project ToolsVersion="4.0" xmlns="http://schemas.microsoft.com/developer/msbuild/2003">
  <ItemGroup>
    <ClCompile Include="Me.cpp">
      <Filter>Me</Filter>
    </ClCompile>
    <ClCompile Include="TransferInfo.cpp">
      <Filter>TransferInfo</Filter>
    </ClCompile>
    <ClCompile Include="main.cpp" />
    <ClCompile Include="AESEncryption.cpp">
      <Filter>Encryption</Filter>
    </ClCompile>
    <ClCompile Include="RSAEncryption.cpp">
      <Filter>Encryption</Filter>
    </ClCompile>
    <ClCompile Include="Base64.hpp">
      <Filter>Encryption</Filter>
    </ClCompile>
    <ClCompile Include="Base64.cpp">
      <Filter>Encryption</Filter>
    </ClCompile>
    <ClCompile Include="Common.cpp">
      <Filter>Common</Filter>
    </ClCompile>
    <ClCompile Include="IRequest.cpp">
      <Filter>Requests\IRequest</Filter>
    </ClCompile>
    <ClCompile Include="IRequest.h">
      <Filter>Requests\IRequest</Filter>
    </ClCompile>
    <ClCompile Include="RegisterRequest.cpp">
      <Filter>Requests\Register</Filter>
    </ClCompile>
  </ItemGroup>
  <ItemGroup>
    <Filter Include="TransferInfo">
      <UniqueIdentifier>{2b8bd44c-cd81-4f55-a0d3-76bd2fa2c071}</UniqueIdentifier>
    </Filter>
    <Filter Include="Me">
      <UniqueIdentifier>{cfbef944-f857-4711-b34d-0152e6556f71}</UniqueIdentifier>
    </Filter>
    <Filter Include="Encryption">
      <UniqueIdentifier>{253ca905-971f-40d2-9c68-4d10c584aa6b}</UniqueIdentifier>
    </Filter>
    <Filter Include="Common">
      <UniqueIdentifier>{7187eb3d-e405-42a4-8b1f-b8f8ab12ac35}</UniqueIdentifier>
    </Filter>
    <Filter Include="Requests">
      <UniqueIdentifier>{0e0acdb7-06e0-479b-bbea-87482e9a4c9a}</UniqueIdentifier>
    </Filter>
    <Filter Include="Response">
      <UniqueIdentifier>{e48f0d72-fe4a-4571-847b-6d7e15b66ab3}</UniqueIdentifier>
    </Filter>
    <Filter Include="Requests\IRequest">
      <UniqueIdentifier>{7cbf855b-1810-40dd-8e20-04f764cf5004}</UniqueIdentifier>
    </Filter>
    <Filter Include="Requests\Register">
      <UniqueIdentifier>{748a3f38-265c-4567-92a8-8f24f7b21053}</UniqueIdentifier>
    </Filter>
  </ItemGroup>
  <ItemGroup>
    <ClInclude Include="Me.hpp">
      <Filter>Me</Filter>
    </ClInclude>
    <ClInclude Include="TransferInfo.hpp">
      <Filter>TransferInfo</Filter>
    </ClInclude>
    <ClInclude Include="AESEncryption.hpp">
      <Filter>Encryption</Filter>
    </ClInclude>
    <ClInclude Include="RSAEncryption.hpp">
      <Filter>Encryption</Filter>
    </ClInclude>
    <ClInclude Include="Common.hpp">
      <Filter>Common</Filter>
    </ClInclude>
    <ClInclude Include="Hardcoded.h">
      <Filter>Common</Filter>
    </ClInclude>
    <ClInclude Include="RegisterRequest.h">
      <Filter>Requests\Register</Filter>
    </ClInclude>
  </ItemGroup>
  <ItemGroup>
    <None Include="me.info">
      <Filter>Me</Filter>
    </None>
    <None Include="transfer.info">
      <Filter>TransferInfo</Filter>
    </None>
  </ItemGroup>
</Project>