<?xml version="1.0" encoding="utf-8"?>
<Project ToolsVersion="4.0" xmlns="http://schemas.microsoft.com/developer/msbuild/2003">
  <ItemGroup>
    <ClCompile Include="Me.cpp">
      <Filter>Me</Filter>
    </ClCompile>
    <ClCompile Include="TransferInfo.cpp">
      <Filter>TransferInfo</Filter>
    </ClCompile>
    <ClCompile Include="main.cpp" />
    <ClCompile Include="AESEncryption.cpp">
      <Filter>Encryption</Filter>
    </ClCompile>
    <ClCompile Include="RSAEncryption.cpp">
      <Filter>Encryption</Filter>
    </ClCompile>
    <ClCompile Include="Base64.hpp">
      <Filter>Encryption</Filter>
    </ClCompile>
    <ClCompile Include="Base64.cpp">
      <Filter>Encryption</Filter>
    </ClCompile>
    <ClCompile Include="Common.cpp">
      <Filter>Common</Filter>
    </ClCompile>
  </ItemGroup>
  <ItemGroup>
    <Filter Include="TransferInfo">
      <UniqueIdentifier>{2b8bd44c-cd81-4f55-a0d3-76bd2fa2c071}</UniqueIdentifier>
    </Filter>
    <Filter Include="Me">
      <UniqueIdentifier>{cfbef944-f857-4711-b34d-0152e6556f71}</UniqueIdentifier>
    </Filter>
    <Filter Include="Encryption">
      <UniqueIdentifier>{253ca905-971f-40d2-9c68-4d10c584aa6b}</UniqueIdentifier>
    </Filter>
    <Filter Include="Common">
      <UniqueIdentifier>{7187eb3d-e405-42a4-8b1f-b8f8ab12ac35}</UniqueIdentifier>
    </Filter>
  </ItemGroup>
  <ItemGroup>
    <ClInclude Include="Me.hpp">
      <Filter>Me</Filter>
    </ClInclude>
    <ClInclude Include="TransferInfo.hpp">
      <Filter>TransferInfo</Filter>
    </ClInclude>
    <ClInclude Include="AESEncryption.hpp">
      <Filter>Encryption</Filter>
    </ClInclude>
    <ClInclude Include="RSAEncryption.hpp">
      <Filter>Encryption</Filter>
    </ClInclude>
    <ClInclude Include="Common.hpp">
      <Filter>Common</Filter>
    </ClInclude>
  </ItemGroup>
  <ItemGroup>
    <None Include="me.info">
      <Filter>Me</Filter>
    </None>
    <None Include="transfer.info">
      <Filter>TransferInfo</Filter>
    </None>
  </ItemGroup>
</Project>